
Microsoft Visual Studio Solution File, Format Version 12.00
# Visual Studio 15
VisualStudioVersion = 15.0.27703.2035
MinimumVisualStudioVersion = 10.0.40219.1
Project("{9A19103F-16F7-4668-BE54-9A1E7A4F7556}") = "NavExample.Core", "NavExample.Core\NavExample.Core.csproj", "{3E2B5F18-4023-4CA5-8D99-83C3BB3AAFD5}"
EndProject
Project("{FAE04EC0-301F-11D3-BF4B-00C04F79EFBC}") = "NavExample.Droid", "NavExample.Android\NavExample.Droid.csproj", "{E4AD9C86-5FB5-46E6-835C-A5697BAA60CD}"
EndProject
Project("{FAE04EC0-301F-11D3-BF4B-00C04F79EFBC}") = "NavExample.iOS", "NavExample.iOS\NavExample.iOS.csproj", "{815336E1-87BB-40C8-B0BF-AE57D89EEFCB}"
EndProject
Global
	GlobalSection(SolutionConfigurationPlatforms) = preSolution
		Debug|Any CPU = Debug|Any CPU
		Debug|ARM = Debug|ARM
		Debug|iPhone = Debug|iPhone
		Debug|iPhoneSimulator = Debug|iPhoneSimulator
		Debug|x64 = Debug|x64
		Debug|x86 = Debug|x86
		Release|Any CPU = Release|Any CPU
		Release|ARM = Release|ARM
		Release|iPhone = Release|iPhone
		Release|iPhoneSimulator = Release|iPhoneSimulator
		Release|x64 = Release|x64
		Release|x86 = Release|x86
	EndGlobalSection
	GlobalSection(ProjectConfigurationPlatforms) = postSolution
		{3E2B5F18-4023-4CA5-8D99-83C3BB3AAFD5}.Debug|Any CPU.ActiveCfg = Debug|Any CPU
		{3E2B5F18-4023-4CA5-8D99-83C3BB3AAFD5}.Debug|Any CPU.Build.0 = Debug|Any CPU
		{3E2B5F18-4023-4CA5-8D99-83C3BB3AAFD5}.Debug|ARM.ActiveCfg = Debug|Any CPU
		{3E2B5F18-4023-4CA5-8D99-83C3BB3AAFD5}.Debug|ARM.Build.0 = Debug|Any CPU
		{3E2B5F18-4023-4CA5-8D99-83C3BB3AAFD5}.Debug|iPhone.ActiveCfg = Debug|Any CPU
		{3E2B5F18-4023-4CA5-8D99-83C3BB3AAFD5}.Debug|iPhone.Build.0 = Debug|Any CPU
		{3E2B5F18-4023-4CA5-8D99-83C3BB3AAFD5}.Debug|iPhoneSimulator.ActiveCfg = Debug|Any CPU
		{3E2B5F18-4023-4CA5-8D99-83C3BB3AAFD5}.Debug|iPhoneSimulator.Build.0 = Debug|Any CPU
		{3E2B5F18-4023-4CA5-8D99-83C3BB3AAFD5}.Debug|x64.ActiveCfg = Debug|Any CPU
		{3E2B5F18-4023-4CA5-8D99-83C3BB3AAFD5}.Debug|x64.Build.0 = Debug|Any CPU
		{3E2B5F18-4023-4CA5-8D99-83C3BB3AAFD5}.Debug|x86.ActiveCfg = Debug|Any CPU
		{3E2B5F18-4023-4CA5-8D99-83C3BB3AAFD5}.Debug|x86.Build.0 = Debug|Any CPU
		{3E2B5F18-4023-4CA5-8D99-83C3BB3AAFD5}.Release|Any CPU.ActiveCfg = Release|Any CPU
		{3E2B5F18-4023-4CA5-8D99-83C3BB3AAFD5}.Release|Any CPU.Build.0 = Release|Any CPU
		{3E2B5F18-4023-4CA5-8D99-83C3BB3AAFD5}.Release|ARM.ActiveCfg = Release|Any CPU
		{3E2B5F18-4023-4CA5-8D99-83C3BB3AAFD5}.Release|ARM.Build.0 = Release|Any CPU
		{3E2B5F18-4023-4CA5-8D99-83C3BB3AAFD5}.Release|iPhone.ActiveCfg = Release|Any CPU
		{3E2B5F18-4023-4CA5-8D99-83C3BB3AAFD5}.Release|iPhone.Build.0 = Release|Any CPU
		{3E2B5F18-4023-4CA5-8D99-83C3BB3AAFD5}.Release|iPhoneSimulator.ActiveCfg = Release|Any CPU
		{3E2B5F18-4023-4CA5-8D99-83C3BB3AAFD5}.Release|iPhoneSimulator.Build.0 = Release|Any CPU
		{3E2B5F18-4023-4CA5-8D99-83C3BB3AAFD5}.Release|x64.ActiveCfg = Release|Any CPU
		{3E2B5F18-4023-4CA5-8D99-83C3BB3AAFD5}.Release|x64.Build.0 = Release|Any CPU
		{3E2B5F18-4023-4CA5-8D99-83C3BB3AAFD5}.Release|x86.ActiveCfg = Release|Any CPU
		{3E2B5F18-4023-4CA5-8D99-83C3BB3AAFD5}.Release|x86.Build.0 = Release|Any CPU
		{E4AD9C86-5FB5-46E6-835C-A5697BAA60CD}.Debug|Any CPU.ActiveCfg = Debug|Any CPU
		{E4AD9C86-5FB5-46E6-835C-A5697BAA60CD}.Debug|Any CPU.Build.0 = Debug|Any CPU
		{E4AD9C86-5FB5-46E6-835C-A5697BAA60CD}.Debug|Any CPU.Deploy.0 = Debug|Any CPU
		{E4AD9C86-5FB5-46E6-835C-A5697BAA60CD}.Debug|ARM.ActiveCfg = Debug|Any CPU
		{E4AD9C86-5FB5-46E6-835C-A5697BAA60CD}.Debug|ARM.Build.0 = Debug|Any CPU
		{E4AD9C86-5FB5-46E6-835C-A5697BAA60CD}.Debug|ARM.Deploy.0 = Debug|Any CPU
		{E4AD9C86-5FB5-46E6-835C-A5697BAA60CD}.Debug|iPhone.ActiveCfg = Debug|Any CPU
		{E4AD9C86-5FB5-46E6-835C-A5697BAA60CD}.Debug|iPhone.Build.0 = Debug|Any CPU
		{E4AD9C86-5FB5-46E6-835C-A5697BAA60CD}.Debug|iPhone.Deploy.0 = Debug|Any CPU
		{E4AD9C86-5FB5-46E6-835C-A5697BAA60CD}.Debug|iPhoneSimulator.ActiveCfg = Debug|Any CPU
		{E4AD9C86-5FB5-46E6-835C-A5697BAA60CD}.Debug|iPhoneSimulator.Build.0 = Debug|Any CPU
		{E4AD9C86-5FB5-46E6-835C-A5697BAA60CD}.Debug|iPhoneSimulator.Deploy.0 = Debug|Any CPU
		{E4AD9C86-5FB5-46E6-835C-A5697BAA60CD}.Debug|x64.ActiveCfg = Debug|Any CPU
		{E4AD9C86-5FB5-46E6-835C-A5697BAA60CD}.Debug|x64.Build.0 = Debug|Any CPU
		{E4AD9C86-5FB5-46E6-835C-A5697BAA60CD}.Debug|x64.Deploy.0 = Debug|Any CPU
		{E4AD9C86-5FB5-46E6-835C-A5697BAA60CD}.Debug|x86.ActiveCfg = Debug|Any CPU
		{E4AD9C86-5FB5-46E6-835C-A5697BAA60CD}.Debug|x86.Build.0 = Debug|Any CPU
		{E4AD9C86-5FB5-46E6-835C-A5697BAA60CD}.Debug|x86.Deploy.0 = Debug|Any CPU
		{E4AD9C86-5FB5-46E6-835C-A5697BAA60CD}.Release|Any CPU.ActiveCfg = Release|Any CPU
		{E4AD9C86-5FB5-46E6-835C-A5697BAA60CD}.Release|Any CPU.Build.0 = Release|Any CPU
		{E4AD9C86-5FB5-46E6-835C-A5697BAA60CD}.Release|Any CPU.Deploy.0 = Release|Any CPU
		{E4AD9C86-5FB5-46E6-835C-A5697BAA60CD}.Release|ARM.ActiveCfg = Release|Any CPU
		{E4AD9C86-5FB5-46E6-835C-A5697BAA60CD}.Release|ARM.Build.0 = Release|Any CPU
		{E4AD9C86-5FB5-46E6-835C-A5697BAA60CD}.Release|ARM.Deploy.0 = Release|Any CPU
		{E4AD9C86-5FB5-46E6-835C-A5697BAA60CD}.Release|iPhone.ActiveCfg = Release|Any CPU
		{E4AD9C86-5FB5-46E6-835C-A5697BAA60CD}.Release|iPhone.Build.0 = Release|Any CPU
		{E4AD9C86-5FB5-46E6-835C-A5697BAA60CD}.Release|iPhone.Deploy.0 = Release|Any CPU
		{E4AD9C86-5FB5-46E6-835C-A5697BAA60CD}.Release|iPhoneSimulator.ActiveCfg = Release|Any CPU
		{E4AD9C86-5FB5-46E6-835C-A5697BAA60CD}.Release|iPhoneSimulator.Build.0 = Release|Any CPU
		{E4AD9C86-5FB5-46E6-835C-A5697BAA60CD}.Release|iPhoneSimulator.Deploy.0 = Release|Any CPU
		{E4AD9C86-5FB5-46E6-835C-A5697BAA60CD}.Release|x64.ActiveCfg = Release|Any CPU
		{E4AD9C86-5FB5-46E6-835C-A5697BAA60CD}.Release|x64.Build.0 = Release|Any CPU
		{E4AD9C86-5FB5-46E6-835C-A5697BAA60CD}.Release|x64.Deploy.0 = Release|Any CPU
		{E4AD9C86-5FB5-46E6-835C-A5697BAA60CD}.Release|x86.ActiveCfg = Release|Any CPU
		{E4AD9C86-5FB5-46E6-835C-A5697BAA60CD}.Release|x86.Build.0 = Release|Any CPU
		{E4AD9C86-5FB5-46E6-835C-A5697BAA60CD}.Release|x86.Deploy.0 = Release|Any CPU
		{815336E1-87BB-40C8-B0BF-AE57D89EEFCB}.Debug|Any CPU.ActiveCfg = Debug|iPhone
		{815336E1-87BB-40C8-B0BF-AE57D89EEFCB}.Debug|ARM.ActiveCfg = Debug|iPhone
		{815336E1-87BB-40C8-B0BF-AE57D89EEFCB}.Debug|iPhone.ActiveCfg = Debug|iPhone
		{815336E1-87BB-40C8-B0BF-AE57D89EEFCB}.Debug|iPhone.Build.0 = Debug|iPhone
		{815336E1-87BB-40C8-B0BF-AE57D89EEFCB}.Debug|iPhoneSimulator.ActiveCfg = Debug|iPhoneSimulator
		{815336E1-87BB-40C8-B0BF-AE57D89EEFCB}.Debug|iPhoneSimulator.Build.0 = Debug|iPhoneSimulator
		{815336E1-87BB-40C8-B0BF-AE57D89EEFCB}.Debug|x64.ActiveCfg = Debug|iPhone
		{815336E1-87BB-40C8-B0BF-AE57D89EEFCB}.Debug|x86.ActiveCfg = Debug|iPhone
		{815336E1-87BB-40C8-B0BF-AE57D89EEFCB}.Release|Any CPU.ActiveCfg = Release|iPhone
		{815336E1-87BB-40C8-B0BF-AE57D89EEFCB}.Release|ARM.ActiveCfg = Release|iPhone
		{815336E1-87BB-40C8-B0BF-AE57D89EEFCB}.Release|iPhone.ActiveCfg = Release|iPhone
		{815336E1-87BB-40C8-B0BF-AE57D89EEFCB}.Release|iPhone.Build.0 = Release|iPhone
		{815336E1-87BB-40C8-B0BF-AE57D89EEFCB}.Release|iPhoneSimulator.ActiveCfg = Release|iPhoneSimulator
		{815336E1-87BB-40C8-B0BF-AE57D89EEFCB}.Release|iPhoneSimulator.Build.0 = Release|iPhoneSimulator
		{815336E1-87BB-40C8-B0BF-AE57D89EEFCB}.Release|x64.ActiveCfg = Release|iPhone
		{815336E1-87BB-40C8-B0BF-AE57D89EEFCB}.Release|x86.ActiveCfg = Release|iPhone
	EndGlobalSection
	GlobalSection(SolutionProperties) = preSolution
		HideSolutionNode = FALSE
	EndGlobalSection
	GlobalSection(ExtensibilityGlobals) = postSolution
		SolutionGuid = {419FF3B2-EE6E-4F03-BD26-AD5A899BD61C}
	EndGlobalSection
EndGlobal
